{
  "name": "Corscript",
  "lockfileVersion": 2,
  "requires": true,
  "packages": {
    "": {
      "dependencies": {
        "propset": "^1.0.2",
        "svn": "^0.3.1"
      }
    },
    "node_modules/propset": {
      "version": "1.0.2",
      "resolved": "https://registry.npmjs.org/propset/-/propset-1.0.2.tgz",
      "integrity": "sha512-LnBNb9XoBdKJwHnd6Pa9PW0qB/1Ns7ZFxXIxEtN6lM1/FDyP6FHEmihLKc9PqnjyyNrb3SBBkFmwwh4VKIZlQw=="
    },
    "node_modules/sax": {
      "version": "0.5.8",
      "resolved": "https://registry.npmjs.org/sax/-/sax-0.5.8.tgz",
      "integrity": "sha1-1HLbIo6zMcJQaw6MFVJK25OdEsE="
    },
    "node_modules/svn": {
      "version": "0.3.1",
      "resolved": "https://registry.npmjs.org/svn/-/svn-0.3.1.tgz",
      "integrity": "sha512-scj7sjRMG3OkzMK2nQI5j5be9KMdRUwRjGYuA2rrnFTl4P8RgcrUvvg8psUvfV7McT0J21tF2OZbDQQFimasHw==",
      "dependencies": {
        "xml2js": "~0.2.8"
      }
    },
    "node_modules/xml2js": {
      "version": "0.2.8",
      "resolved": "https://registry.npmjs.org/xml2js/-/xml2js-0.2.8.tgz",
      "integrity": "sha1-m4FpCTFjH/CdGVdUn69U9PmAs8I=",
      "dependencies": {
        "sax": "0.5.x"
      }
    }
  },
  "dependencies": {
    "propset": {
      "version": "1.0.2",
      "resolved": "https://registry.npmjs.org/propset/-/propset-1.0.2.tgz",
      "integrity": "sha512-LnBNb9XoBdKJwHnd6Pa9PW0qB/1Ns7ZFxXIxEtN6lM1/FDyP6FHEmihLKc9PqnjyyNrb3SBBkFmwwh4VKIZlQw=="
    },
    "sax": {
      "version": "0.5.8",
      "resolved": "https://registry.npmjs.org/sax/-/sax-0.5.8.tgz",
      "integrity": "sha1-1HLbIo6zMcJQaw6MFVJK25OdEsE="
    },
    "svn": {
      "version": "0.3.1",
      "resolved": "https://registry.npmjs.org/svn/-/svn-0.3.1.tgz",
      "integrity": "sha512-scj7sjRMG3OkzMK2nQI5j5be9KMdRUwRjGYuA2rrnFTl4P8RgcrUvvg8psUvfV7McT0J21tF2OZbDQQFimasHw==",
      "requires": {
        "xml2js": "~0.2.8"
      }
    },
    "xml2js": {
      "version": "0.2.8",
      "resolved": "https://registry.npmjs.org/xml2js/-/xml2js-0.2.8.tgz",
      "integrity": "sha1-m4FpCTFjH/CdGVdUn69U9PmAs8I=",
      "requires": {
        "sax": "0.5.x"
      }
    }
  }
}
